// !$*UTF8*$!
{
	archiveVersion = 1;
	classes = {
	};
	objectVersion = 46;
	objects = {

/* Begin PBXBuildFile section */
		4B07D2E91610A64900753B9A /* FashionNews.m in Sources */ = {isa = PBXBuildFile; fileRef = 4B07D2E81610A64900753B9A /* FashionNews.m */; };
		4B39A09C160DC39C00C922B2 /* SVPullToRefresh.m in Sources */ = {isa = PBXBuildFile; fileRef = 4B39A09B160DC39C00C922B2 /* SVPullToRefresh.m */; };
		4B39A09E160DC4F200C922B2 /* QuartzCore.framework in Frameworks */ = {isa = PBXBuildFile; fileRef = 4B39A09D160DC4F200C922B2 /* QuartzCore.framework */; };
		4B421C0A15ECFEC2001094FE /* CollectViewController.m in Sources */ = {isa = PBXBuildFile; fileRef = 4B421C0915ECFEC2001094FE /* CollectViewController.m */; };
		4B7620671608A479004DAF89 /* WebViewController.m in Sources */ = {isa = PBXBuildFile; fileRef = 4B7620661608A479004DAF89 /* WebViewController.m */; };
		4B800C2A15FF6A27007EA85C /* TouchableImageView.m in Sources */ = {isa = PBXBuildFile; fileRef = 4B800C2915FF6A27007EA85C /* TouchableImageView.m */; };
		4B820E5615ECFF1E00C85EB8 /* NewsFeedViewController.m in Sources */ = {isa = PBXBuildFile; fileRef = 4B820E5515ECFF1E00C85EB8 /* NewsFeedViewController.m */; };
		4B8BA33C15F62E8500332F08 /* bannernavBg@2x.png in Resources */ = {isa = PBXBuildFile; fileRef = 4B8BA33B15F62E8500332F08 /* bannernavBg@2x.png */; };
		4B8BA33E15F62F1000332F08 /* itemTitleBg@2xUncrushedPng.png in Resources */ = {isa = PBXBuildFile; fileRef = 4B8BA33D15F62F1000332F08 /* itemTitleBg@2xUncrushedPng.png */; };
		4B8BA34015F62F1F00332F08 /* navBg@2x.png in Resources */ = {isa = PBXBuildFile; fileRef = 4B8BA33F15F62F1F00332F08 /* navBg@2x.png */; };
		4B8BA34215F632A500332F08 /* tabBarBg@2x.png in Resources */ = {isa = PBXBuildFile; fileRef = 4B8BA34115F632A500332F08 /* tabBarBg@2x.png */; };
		4B8BA34415F6351800332F08 /* iconAppsTab@2x.png in Resources */ = {isa = PBXBuildFile; fileRef = 4B8BA34315F6351800332F08 /* iconAppsTab@2x.png */; };
		4B8BA34615F6352B00332F08 /* iconCatalogTab@2x.png in Resources */ = {isa = PBXBuildFile; fileRef = 4B8BA34515F6352B00332F08 /* iconCatalogTab@2x.png */; };
		4B8BA34815F6355F00332F08 /* iconCatalogTabFocus@2xUncrushedPng.png in Resources */ = {isa = PBXBuildFile; fileRef = 4B8BA34715F6355F00332F08 /* iconCatalogTabFocus@2xUncrushedPng.png */; };
		4B8BA34A15F6357300332F08 /* iconCatalogTabShape@2xUncrushedPng.png in Resources */ = {isa = PBXBuildFile; fileRef = 4B8BA34915F6357300332F08 /* iconCatalogTabShape@2xUncrushedPng.png */; };
		4B8BA34C15F6358700332F08 /* iconFavor@2xUncrushedPng.png in Resources */ = {isa = PBXBuildFile; fileRef = 4B8BA34B15F6358700332F08 /* iconFavor@2xUncrushedPng.png */; };
		4B8BA34E15F6359200332F08 /* iconFavored@2xUncrushedPng.png in Resources */ = {isa = PBXBuildFile; fileRef = 4B8BA34D15F6359200332F08 /* iconFavored@2xUncrushedPng.png */; };
		4B8BA35015F6359D00332F08 /* iconFavorTab@2x.png in Resources */ = {isa = PBXBuildFile; fileRef = 4B8BA34F15F6359D00332F08 /* iconFavorTab@2x.png */; };
		4B8BA35215F635A700332F08 /* iconFavorTabFocus@2xUncrushedPng.png in Resources */ = {isa = PBXBuildFile; fileRef = 4B8BA35115F635A700332F08 /* iconFavorTabFocus@2xUncrushedPng.png */; };
		4B8BA35415F635B700332F08 /* iconListTab@2x.png in Resources */ = {isa = PBXBuildFile; fileRef = 4B8BA35315F635B700332F08 /* iconListTab@2x.png */; };
		4B8BA35615F635C200332F08 /* iconListTabFocus@2xUncrushedPng.png in Resources */ = {isa = PBXBuildFile; fileRef = 4B8BA35515F635C200332F08 /* iconListTabFocus@2xUncrushedPng.png */; };
		4B8BA35815F635CC00332F08 /* iconListTabShape@2xUncrushedPng.png in Resources */ = {isa = PBXBuildFile; fileRef = 4B8BA35715F635CC00332F08 /* iconListTabShape@2xUncrushedPng.png */; };
		4B8E9AEC1619E3E000A37B6E /* CoreData.framework in Frameworks */ = {isa = PBXBuildFile; fileRef = 4B8E9AEB1619E3E000A37B6E /* CoreData.framework */; };
		4B92E1D115CD0C1700249F26 /* Utility.m in Sources */ = {isa = PBXBuildFile; fileRef = 4B92E1D015CD0C1700249F26 /* Utility.m */; };
		4B92E1EF15CD1AE800249F26 /* NSObject+SBJson.m in Sources */ = {isa = PBXBuildFile; fileRef = 4B92E1D715CD1AE800249F26 /* NSObject+SBJson.m */; };
		4B92E1F015CD1AE800249F26 /* SBJsonParser.m in Sources */ = {isa = PBXBuildFile; fileRef = 4B92E1DA15CD1AE800249F26 /* SBJsonParser.m */; };
		4B92E1F115CD1AE800249F26 /* SBJsonStreamParser.m in Sources */ = {isa = PBXBuildFile; fileRef = 4B92E1DC15CD1AE800249F26 /* SBJsonStreamParser.m */; };
		4B92E1F215CD1AE800249F26 /* SBJsonStreamParserAccumulator.m in Sources */ = {isa = PBXBuildFile; fileRef = 4B92E1DE15CD1AE800249F26 /* SBJsonStreamParserAccumulator.m */; };
		4B92E1F315CD1AE800249F26 /* SBJsonStreamParserAdapter.m in Sources */ = {isa = PBXBuildFile; fileRef = 4B92E1E015CD1AE800249F26 /* SBJsonStreamParserAdapter.m */; };
		4B92E1F415CD1AE800249F26 /* SBJsonStreamParserState.m in Sources */ = {isa = PBXBuildFile; fileRef = 4B92E1E215CD1AE800249F26 /* SBJsonStreamParserState.m */; };
		4B92E1F515CD1AE800249F26 /* SBJsonStreamWriter.m in Sources */ = {isa = PBXBuildFile; fileRef = 4B92E1E415CD1AE800249F26 /* SBJsonStreamWriter.m */; };
		4B92E1F615CD1AE800249F26 /* SBJsonStreamWriterAccumulator.m in Sources */ = {isa = PBXBuildFile; fileRef = 4B92E1E615CD1AE800249F26 /* SBJsonStreamWriterAccumulator.m */; };
		4B92E1F715CD1AE800249F26 /* SBJsonStreamWriterState.m in Sources */ = {isa = PBXBuildFile; fileRef = 4B92E1E815CD1AE800249F26 /* SBJsonStreamWriterState.m */; };
		4B92E1F815CD1AE800249F26 /* SBJsonTokeniser.m in Sources */ = {isa = PBXBuildFile; fileRef = 4B92E1EA15CD1AE800249F26 /* SBJsonTokeniser.m */; };
		4B92E1F915CD1AE800249F26 /* SBJsonUTF8Stream.m in Sources */ = {isa = PBXBuildFile; fileRef = 4B92E1EC15CD1AE800249F26 /* SBJsonUTF8Stream.m */; };
		4B92E1FA15CD1AE800249F26 /* SBJsonWriter.m in Sources */ = {isa = PBXBuildFile; fileRef = 4B92E1EE15CD1AE800249F26 /* SBJsonWriter.m */; };
		4B92E1FE15CD2E7200249F26 /* Product.m in Sources */ = {isa = PBXBuildFile; fileRef = 4B92E1FD15CD2E7200249F26 /* Product.m */; };
		4B92E20015CD4F7B00249F26 /* ImageIO.framework in Frameworks */ = {isa = PBXBuildFile; fileRef = 4B92E1FF15CD4F7A00249F26 /* ImageIO.framework */; };
		4B92E25C15CE3C7800249F26 /* MKAnnotationView+WebCache.m in Sources */ = {isa = PBXBuildFile; fileRef = 4B92E24915CE3C7800249F26 /* MKAnnotationView+WebCache.m */; };
		4B92E25D15CE3C7800249F26 /* SDImageCache.m in Sources */ = {isa = PBXBuildFile; fileRef = 4B92E24B15CE3C7800249F26 /* SDImageCache.m */; };
		4B92E25E15CE3C7800249F26 /* SDWebImageDecoder.m in Sources */ = {isa = PBXBuildFile; fileRef = 4B92E24F15CE3C7800249F26 /* SDWebImageDecoder.m */; };
		4B92E25F15CE3C7800249F26 /* SDWebImageDownloader.m in Sources */ = {isa = PBXBuildFile; fileRef = 4B92E25115CE3C7800249F26 /* SDWebImageDownloader.m */; };
		4B92E26015CE3C7800249F26 /* SDWebImageManager.m in Sources */ = {isa = PBXBuildFile; fileRef = 4B92E25415CE3C7800249F26 /* SDWebImageManager.m */; };
		4B92E26115CE3C7800249F26 /* SDWebImagePrefetcher.m in Sources */ = {isa = PBXBuildFile; fileRef = 4B92E25715CE3C7800249F26 /* SDWebImagePrefetcher.m */; };
		4B92E26215CE3C7800249F26 /* UIButton+WebCache.m in Sources */ = {isa = PBXBuildFile; fileRef = 4B92E25915CE3C7800249F26 /* UIButton+WebCache.m */; };
		4B92E26315CE3C7800249F26 /* UIImageView+WebCache.m in Sources */ = {isa = PBXBuildFile; fileRef = 4B92E25B15CE3C7800249F26 /* UIImageView+WebCache.m */; };
		4B92E26515CE3CBC00249F26 /* MapKit.framework in Frameworks */ = {isa = PBXBuildFile; fileRef = 4B92E26415CE3CBC00249F26 /* MapKit.framework */; };
		4B92E26D15CE895E00249F26 /* placefold.jpeg in Resources */ = {isa = PBXBuildFile; fileRef = 4B92E26C15CE895E00249F26 /* placefold.jpeg */; };
		4BACE06E1615E4AB006B3E00 /* UIWebView+Clean.m in Sources */ = {isa = PBXBuildFile; fileRef = 4BACE06D1615E4AB006B3E00 /* UIWebView+Clean.m */; };
		4BACE0931615F016006B3E00 /* libMobClickLibrary.a in Frameworks */ = {isa = PBXBuildFile; fileRef = 4BACE0911615F016006B3E00 /* libMobClickLibrary.a */; };
		4BACE0951615F050006B3E00 /* libz.dylib in Frameworks */ = {isa = PBXBuildFile; fileRef = 4BACE0941615F050006B3E00 /* libz.dylib */; };
		4BAF7BAD15ECFE3200D64CCD /* BrandViewController.m in Sources */ = {isa = PBXBuildFile; fileRef = 4BAF7BAC15ECFE3200D64CCD /* BrandViewController.m */; };
		4BCB570B160220500082D965 /* DDXMLElementAdditions.m in Sources */ = {isa = PBXBuildFile; fileRef = 4BCB56FE160220500082D965 /* DDXMLElementAdditions.m */; };
		4BCB570C160220500082D965 /* NSString+DDXML.m in Sources */ = {isa = PBXBuildFile; fileRef = 4BCB5701160220500082D965 /* NSString+DDXML.m */; };
		4BCB570D160220500082D965 /* DDXMLDocument.m in Sources */ = {isa = PBXBuildFile; fileRef = 4BCB5704160220500082D965 /* DDXMLDocument.m */; };
		4BCB570E160220500082D965 /* DDXMLElement.m in Sources */ = {isa = PBXBuildFile; fileRef = 4BCB5706160220500082D965 /* DDXMLElement.m */; };
		4BCB570F160220500082D965 /* DDXMLNode.m in Sources */ = {isa = PBXBuildFile; fileRef = 4BCB5708160220500082D965 /* DDXMLNode.m */; };
		4BCB571C16022EF80082D965 /* libxml2.dylib in Frameworks */ = {isa = PBXBuildFile; fileRef = 4BCB571B16022EF80082D965 /* libxml2.dylib */; };
		4BCBB25F15FB395400282CD5 /* TheBrandViewController.m in Sources */ = {isa = PBXBuildFile; fileRef = 4BCBB25E15FB395400282CD5 /* TheBrandViewController.m */; };
		4BDB315515BA56DE007B1C6F /* UIKit.framework in Frameworks */ = {isa = PBXBuildFile; fileRef = 4BDB315415BA56DE007B1C6F /* UIKit.framework */; };
		4BDB315715BA56DE007B1C6F /* Foundation.framework in Frameworks */ = {isa = PBXBuildFile; fileRef = 4BDB315615BA56DE007B1C6F /* Foundation.framework */; };
		4BDB315915BA56DE007B1C6F /* CoreGraphics.framework in Frameworks */ = {isa = PBXBuildFile; fileRef = 4BDB315815BA56DE007B1C6F /* CoreGraphics.framework */; };
		4BDB315F15BA56DE007B1C6F /* InfoPlist.strings in Resources */ = {isa = PBXBuildFile; fileRef = 4BDB315D15BA56DE007B1C6F /* InfoPlist.strings */; };
		4BDB316115BA56DE007B1C6F /* main.m in Sources */ = {isa = PBXBuildFile; fileRef = 4BDB316015BA56DE007B1C6F /* main.m */; };
		4BDB316515BA56DE007B1C6F /* AppDelegate.m in Sources */ = {isa = PBXBuildFile; fileRef = 4BDB316415BA56DE007B1C6F /* AppDelegate.m */; };
		4BDB316815BA56DE007B1C6F /* HotProductViewController.m in Sources */ = {isa = PBXBuildFile; fileRef = 4BDB316715BA56DE007B1C6F /* HotProductViewController.m */; };
		4BDB317315BAA36C007B1C6F /* DataController.m in Sources */ = {isa = PBXBuildFile; fileRef = 4BDB317215BAA36C007B1C6F /* DataController.m */; };
		4BE1B82616135BA0006AE5D9 /* NewsWebViewController.m in Sources */ = {isa = PBXBuildFile; fileRef = 4BE1B82516135BA0006AE5D9 /* NewsWebViewController.m */; };
		4BEEF2CA15D7AC9C00C424DA /* SystemConfiguration.framework in Frameworks */ = {isa = PBXBuildFile; fileRef = 4BEEF2C915D7AC9C00C424DA /* SystemConfiguration.framework */; };
		4BF917CC160425A000FFA523 /* NewsCell.m in Sources */ = {isa = PBXBuildFile; fileRef = 4BF917CB160425A000FFA523 /* NewsCell.m */; };
		4BFDC31915FCA9F9002E3101 /* StyleOneCell.m in Sources */ = {isa = PBXBuildFile; fileRef = 4BFDC31815FCA9F9002E3101 /* StyleOneCell.m */; };
		4BFDC31E15FCADA5002E3101 /* HotCell.m in Sources */ = {isa = PBXBuildFile; fileRef = 4BFDC31D15FCADA5002E3101 /* HotCell.m */; };
		4BFDC33A15FCD7CD002E3101 /* AFHTTPClient.m in Sources */ = {isa = PBXBuildFile; fileRef = 4BFDC32615FCD7CD002E3101 /* AFHTTPClient.m */; };
		4BFDC33B15FCD7CD002E3101 /* AFHTTPRequestOperation.m in Sources */ = {isa = PBXBuildFile; fileRef = 4BFDC32815FCD7CD002E3101 /* AFHTTPRequestOperation.m */; };
		4BFDC33C15FCD7CD002E3101 /* AFImageRequestOperation.m in Sources */ = {isa = PBXBuildFile; fileRef = 4BFDC32A15FCD7CD002E3101 /* AFImageRequestOperation.m */; };
		4BFDC33D15FCD7CD002E3101 /* AFJSONRequestOperation.m in Sources */ = {isa = PBXBuildFile; fileRef = 4BFDC32C15FCD7CD002E3101 /* AFJSONRequestOperation.m */; };
		4BFDC33E15FCD7CD002E3101 /* AFJSONUtilities.m in Sources */ = {isa = PBXBuildFile; fileRef = 4BFDC32E15FCD7CD002E3101 /* AFJSONUtilities.m */; };
		4BFDC33F15FCD7CD002E3101 /* AFNetworkActivityIndicatorManager.m in Sources */ = {isa = PBXBuildFile; fileRef = 4BFDC33015FCD7CD002E3101 /* AFNetworkActivityIndicatorManager.m */; };
		4BFDC34015FCD7CD002E3101 /* AFPropertyListRequestOperation.m in Sources */ = {isa = PBXBuildFile; fileRef = 4BFDC33315FCD7CD002E3101 /* AFPropertyListRequestOperation.m */; };
		4BFDC34115FCD7CD002E3101 /* AFURLConnectionOperation.m in Sources */ = {isa = PBXBuildFile; fileRef = 4BFDC33515FCD7CD002E3101 /* AFURLConnectionOperation.m */; };
		4BFDC34215FCD7CD002E3101 /* AFXMLRequestOperation.m in Sources */ = {isa = PBXBuildFile; fileRef = 4BFDC33715FCD7CD002E3101 /* AFXMLRequestOperation.m */; };
		4BFDC34315FCD7CD002E3101 /* UIImageView+AFNetworking.m in Sources */ = {isa = PBXBuildFile; fileRef = 4BFDC33915FCD7CD002E3101 /* UIImageView+AFNetworking.m */; };
/* End PBXBuildFile section */

/* Begin PBXFileReference section */
		4B07D2E71610A64900753B9A /* FashionNews.h */ = {isa = PBXFileReference; fileEncoding = 4; lastKnownFileType = sourcecode.c.h; path = FashionNews.h; sourceTree = "<group>"; };
		4B07D2E81610A64900753B9A /* FashionNews.m */ = {isa = PBXFileReference; fileEncoding = 4; lastKnownFileType = sourcecode.c.objc; path = FashionNews.m; sourceTree = "<group>"; };
		4B39A09A160DC39C00C922B2 /* SVPullToRefresh.h */ = {isa = PBXFileReference; fileEncoding = 4; lastKnownFileType = sourcecode.c.h; path = SVPullToRefresh.h; sourceTree = "<group>"; };
		4B39A09B160DC39C00C922B2 /* SVPullToRefresh.m */ = {isa = PBXFileReference; fileEncoding = 4; lastKnownFileType = sourcecode.c.objc; path = SVPullToRefresh.m; sourceTree = "<group>"; };
		4B39A09D160DC4F200C922B2 /* QuartzCore.framework */ = {isa = PBXFileReference; lastKnownFileType = wrapper.framework; name = QuartzCore.framework; path = System/Library/Frameworks/QuartzCore.framework; sourceTree = SDKROOT; };
		4B421C0815ECFEC2001094FE /* CollectViewController.h */ = {isa = PBXFileReference; fileEncoding = 4; lastKnownFileType = sourcecode.c.h; name = CollectViewController.h; path = ../CollectViewController.h; sourceTree = "<group>"; };
		4B421C0915ECFEC2001094FE /* CollectViewController.m */ = {isa = PBXFileReference; fileEncoding = 4; lastKnownFileType = sourcecode.c.objc; name = CollectViewController.m; path = ../CollectViewController.m; sourceTree = "<group>"; };
		4B7620651608A479004DAF89 /* WebViewController.h */ = {isa = PBXFileReference; fileEncoding = 4; lastKnownFileType = sourcecode.c.h; path = WebViewController.h; sourceTree = "<group>"; };
		4B7620661608A479004DAF89 /* WebViewController.m */ = {isa = PBXFileReference; fileEncoding = 4; lastKnownFileType = sourcecode.c.objc; path = WebViewController.m; sourceTree = "<group>"; };
		4B800C2815FF6A27007EA85C /* TouchableImageView.h */ = {isa = PBXFileReference; fileEncoding = 4; lastKnownFileType = sourcecode.c.h; path = TouchableImageView.h; sourceTree = "<group>"; };
		4B800C2915FF6A27007EA85C /* TouchableImageView.m */ = {isa = PBXFileReference; fileEncoding = 4; lastKnownFileType = sourcecode.c.objc; path = TouchableImageView.m; sourceTree = "<group>"; };
		4B820E5415ECFF1E00C85EB8 /* NewsFeedViewController.h */ = {isa = PBXFileReference; fileEncoding = 4; lastKnownFileType = sourcecode.c.h; path = NewsFeedViewController.h; sourceTree = "<group>"; };
		4B820E5515ECFF1E00C85EB8 /* NewsFeedViewController.m */ = {isa = PBXFileReference; fileEncoding = 4; lastKnownFileType = sourcecode.c.objc; path = NewsFeedViewController.m; sourceTree = "<group>"; };
		4B8BA33B15F62E8500332F08 /* bannernavBg@2x.png */ = {isa = PBXFileReference; lastKnownFileType = image.png; path = "bannernavBg@2x.png"; sourceTree = "<group>"; };
		4B8BA33D15F62F1000332F08 /* itemTitleBg@2xUncrushedPng.png */ = {isa = PBXFileReference; lastKnownFileType = image.png; path = "itemTitleBg@2xUncrushedPng.png"; sourceTree = "<group>"; };
		4B8BA33F15F62F1F00332F08 /* navBg@2x.png */ = {isa = PBXFileReference; lastKnownFileType = image.png; path = "navBg@2x.png"; sourceTree = "<group>"; };
		4B8BA34115F632A500332F08 /* tabBarBg@2x.png */ = {isa = PBXFileReference; lastKnownFileType = image.png; path = "tabBarBg@2x.png"; sourceTree = "<group>"; };
		4B8BA34315F6351800332F08 /* iconAppsTab@2x.png */ = {isa = PBXFileReference; lastKnownFileType = image.png; path = "iconAppsTab@2x.png"; sourceTree = "<group>"; };
		4B8BA34515F6352B00332F08 /* iconCatalogTab@2x.png */ = {isa = PBXFileReference; lastKnownFileType = image.png; path = "iconCatalogTab@2x.png"; sourceTree = "<group>"; };
		4B8BA34715F6355F00332F08 /* iconCatalogTabFocus@2xUncrushedPng.png */ = {isa = PBXFileReference; lastKnownFileType = image.png; path = "iconCatalogTabFocus@2xUncrushedPng.png"; sourceTree = "<group>"; };
		4B8BA34915F6357300332F08 /* iconCatalogTabShape@2xUncrushedPng.png */ = {isa = PBXFileReference; lastKnownFileType = image.png; path = "iconCatalogTabShape@2xUncrushedPng.png"; sourceTree = "<group>"; };
		4B8BA34B15F6358700332F08 /* iconFavor@2xUncrushedPng.png */ = {isa = PBXFileReference; lastKnownFileType = image.png; path = "iconFavor@2xUncrushedPng.png"; sourceTree = "<group>"; };
		4B8BA34D15F6359200332F08 /* iconFavored@2xUncrushedPng.png */ = {isa = PBXFileReference; lastKnownFileType = image.png; path = "iconFavored@2xUncrushedPng.png"; sourceTree = "<group>"; };
		4B8BA34F15F6359D00332F08 /* iconFavorTab@2x.png */ = {isa = PBXFileReference; lastKnownFileType = image.png; path = "iconFavorTab@2x.png"; sourceTree = "<group>"; };
		4B8BA35115F635A700332F08 /* iconFavorTabFocus@2xUncrushedPng.png */ = {isa = PBXFileReference; lastKnownFileType = image.png; path = "iconFavorTabFocus@2xUncrushedPng.png"; sourceTree = "<group>"; };
		4B8BA35315F635B700332F08 /* iconListTab@2x.png */ = {isa = PBXFileReference; lastKnownFileType = image.png; path = "iconListTab@2x.png"; sourceTree = "<group>"; };
		4B8BA35515F635C200332F08 /* iconListTabFocus@2xUncrushedPng.png */ = {isa = PBXFileReference; lastKnownFileType = image.png; path = "iconListTabFocus@2xUncrushedPng.png"; sourceTree = "<group>"; };
		4B8BA35715F635CC00332F08 /* iconListTabShape@2xUncrushedPng.png */ = {isa = PBXFileReference; lastKnownFileType = image.png; path = "iconListTabShape@2xUncrushedPng.png"; sourceTree = "<group>"; };
		4B8E9AEB1619E3E000A37B6E /* CoreData.framework */ = {isa = PBXFileReference; lastKnownFileType = wrapper.framework; name = CoreData.framework; path = System/Library/Frameworks/CoreData.framework; sourceTree = SDKROOT; };
		4B92E1CF15CD0C1700249F26 /* Utility.h */ = {isa = PBXFileReference; fileEncoding = 4; lastKnownFileType = sourcecode.c.h; path = Utility.h; sourceTree = "<group>"; };
		4B92E1D015CD0C1700249F26 /* Utility.m */ = {isa = PBXFileReference; fileEncoding = 4; lastKnownFileType = sourcecode.c.objc; path = Utility.m; sourceTree = "<group>"; };
		4B92E1D215CD0C5000249F26 /* Constants.h */ = {isa = PBXFileReference; fileEncoding = 4; lastKnownFileType = sourcecode.c.h; path = Constants.h; sourceTree = "<group>"; };
		4B92E1D615CD1AE800249F26 /* NSObject+SBJson.h */ = {isa = PBXFileReference; fileEncoding = 4; lastKnownFileType = sourcecode.c.h; path = "NSObject+SBJson.h"; sourceTree = "<group>"; };
		4B92E1D715CD1AE800249F26 /* NSObject+SBJson.m */ = {isa = PBXFileReference; fileEncoding = 4; lastKnownFileType = sourcecode.c.objc; path = "NSObject+SBJson.m"; sourceTree = "<group>"; };
		4B92E1D815CD1AE800249F26 /* SBJson.h */ = {isa = PBXFileReference; fileEncoding = 4; lastKnownFileType = sourcecode.c.h; path = SBJson.h; sourceTree = "<group>"; };
		4B92E1D915CD1AE800249F26 /* SBJsonParser.h */ = {isa = PBXFileReference; fileEncoding = 4; lastKnownFileType = sourcecode.c.h; path = SBJsonParser.h; sourceTree = "<group>"; };
		4B92E1DA15CD1AE800249F26 /* SBJsonParser.m */ = {isa = PBXFileReference; fileEncoding = 4; lastKnownFileType = sourcecode.c.objc; path = SBJsonParser.m; sourceTree = "<group>"; };
		4B92E1DB15CD1AE800249F26 /* SBJsonStreamParser.h */ = {isa = PBXFileReference; fileEncoding = 4; lastKnownFileType = sourcecode.c.h; path = SBJsonStreamParser.h; sourceTree = "<group>"; };
		4B92E1DC15CD1AE800249F26 /* SBJsonStreamParser.m */ = {isa = PBXFileReference; fileEncoding = 4; lastKnownFileType = sourcecode.c.objc; path = SBJsonStreamParser.m; sourceTree = "<group>"; };
		4B92E1DD15CD1AE800249F26 /* SBJsonStreamParserAccumulator.h */ = {isa = PBXFileReference; fileEncoding = 4; lastKnownFileType = sourcecode.c.h; path = SBJsonStreamParserAccumulator.h; sourceTree = "<group>"; };
		4B92E1DE15CD1AE800249F26 /* SBJsonStreamParserAccumulator.m */ = {isa = PBXFileReference; fileEncoding = 4; lastKnownFileType = sourcecode.c.objc; path = SBJsonStreamParserAccumulator.m; sourceTree = "<group>"; };
		4B92E1DF15CD1AE800249F26 /* SBJsonStreamParserAdapter.h */ = {isa = PBXFileReference; fileEncoding = 4; lastKnownFileType = sourcecode.c.h; path = SBJsonStreamParserAdapter.h; sourceTree = "<group>"; };
		4B92E1E015CD1AE800249F26 /* SBJsonStreamParserAdapter.m */ = {isa = PBXFileReference; fileEncoding = 4; lastKnownFileType = sourcecode.c.objc; path = SBJsonStreamParserAdapter.m; sourceTree = "<group>"; };
		4B92E1E115CD1AE800249F26 /* SBJsonStreamParserState.h */ = {isa = PBXFileReference; fileEncoding = 4; lastKnownFileType = sourcecode.c.h; path = SBJsonStreamParserState.h; sourceTree = "<group>"; };
		4B92E1E215CD1AE800249F26 /* SBJsonStreamParserState.m */ = {isa = PBXFileReference; fileEncoding = 4; lastKnownFileType = sourcecode.c.objc; path = SBJsonStreamParserState.m; sourceTree = "<group>"; };
		4B92E1E315CD1AE800249F26 /* SBJsonStreamWriter.h */ = {isa = PBXFileReference; fileEncoding = 4; lastKnownFileType = sourcecode.c.h; path = SBJsonStreamWriter.h; sourceTree = "<group>"; };
		4B92E1E415CD1AE800249F26 /* SBJsonStreamWriter.m */ = {isa = PBXFileReference; fileEncoding = 4; lastKnownFileType = sourcecode.c.objc; path = SBJsonStreamWriter.m; sourceTree = "<group>"; };
		4B92E1E515CD1AE800249F26 /* SBJsonStreamWriterAccumulator.h */ = {isa = PBXFileReference; fileEncoding = 4; lastKnownFileType = sourcecode.c.h; path = SBJsonStreamWriterAccumulator.h; sourceTree = "<group>"; };
		4B92E1E615CD1AE800249F26 /* SBJsonStreamWriterAccumulator.m */ = {isa = PBXFileReference; fileEncoding = 4; lastKnownFileType = sourcecode.c.objc; path = SBJsonStreamWriterAccumulator.m; sourceTree = "<group>"; };
		4B92E1E715CD1AE800249F26 /* SBJsonStreamWriterState.h */ = {isa = PBXFileReference; fileEncoding = 4; lastKnownFileType = sourcecode.c.h; path = SBJsonStreamWriterState.h; sourceTree = "<group>"; };
		4B92E1E815CD1AE800249F26 /* SBJsonStreamWriterState.m */ = {isa = PBXFileReference; fileEncoding = 4; lastKnownFileType = sourcecode.c.objc; path = SBJsonStreamWriterState.m; sourceTree = "<group>"; };
		4B92E1E915CD1AE800249F26 /* SBJsonTokeniser.h */ = {isa = PBXFileReference; fileEncoding = 4; lastKnownFileType = sourcecode.c.h; path = SBJsonTokeniser.h; sourceTree = "<group>"; };
		4B92E1EA15CD1AE800249F26 /* SBJsonTokeniser.m */ = {isa = PBXFileReference; fileEncoding = 4; lastKnownFileType = sourcecode.c.objc; path = SBJsonTokeniser.m; sourceTree = "<group>"; };
		4B92E1EB15CD1AE800249F26 /* SBJsonUTF8Stream.h */ = {isa = PBXFileReference; fileEncoding = 4; lastKnownFileType = sourcecode.c.h; path = SBJsonUTF8Stream.h; sourceTree = "<group>"; };
		4B92E1EC15CD1AE800249F26 /* SBJsonUTF8Stream.m */ = {isa = PBXFileReference; fileEncoding = 4; lastKnownFileType = sourcecode.c.objc; path = SBJsonUTF8Stream.m; sourceTree = "<group>"; };
		4B92E1ED15CD1AE800249F26 /* SBJsonWriter.h */ = {isa = PBXFileReference; fileEncoding = 4; lastKnownFileType = sourcecode.c.h; path = SBJsonWriter.h; sourceTree = "<group>"; };
		4B92E1EE15CD1AE800249F26 /* SBJsonWriter.m */ = {isa = PBXFileReference; fileEncoding = 4; lastKnownFileType = sourcecode.c.objc; path = SBJsonWriter.m; sourceTree = "<group>"; };
		4B92E1FC15CD2E7200249F26 /* Product.h */ = {isa = PBXFileReference; fileEncoding = 4; lastKnownFileType = sourcecode.c.h; path = Product.h; sourceTree = "<group>"; };
		4B92E1FD15CD2E7200249F26 /* Product.m */ = {isa = PBXFileReference; fileEncoding = 4; lastKnownFileType = sourcecode.c.objc; path = Product.m; sourceTree = "<group>"; };
		4B92E1FF15CD4F7A00249F26 /* ImageIO.framework */ = {isa = PBXFileReference; lastKnownFileType = wrapper.framework; name = ImageIO.framework; path = System/Library/Frameworks/ImageIO.framework; sourceTree = SDKROOT; };
		4B92E24815CE3C7800249F26 /* MKAnnotationView+WebCache.h */ = {isa = PBXFileReference; fileEncoding = 4; lastKnownFileType = sourcecode.c.h; path = "MKAnnotationView+WebCache.h"; sourceTree = "<group>"; };
		4B92E24915CE3C7800249F26 /* MKAnnotationView+WebCache.m */ = {isa = PBXFileReference; fileEncoding = 4; lastKnownFileType = sourcecode.c.objc; path = "MKAnnotationView+WebCache.m"; sourceTree = "<group>"; };
		4B92E24A15CE3C7800249F26 /* SDImageCache.h */ = {isa = PBXFileReference; fileEncoding = 4; lastKnownFileType = sourcecode.c.h; path = SDImageCache.h; sourceTree = "<group>"; };
		4B92E24B15CE3C7800249F26 /* SDImageCache.m */ = {isa = PBXFileReference; fileEncoding = 4; lastKnownFileType = sourcecode.c.objc; path = SDImageCache.m; sourceTree = "<group>"; };
		4B92E24C15CE3C7800249F26 /* SDImageCacheDelegate.h */ = {isa = PBXFileReference; fileEncoding = 4; lastKnownFileType = sourcecode.c.h; path = SDImageCacheDelegate.h; sourceTree = "<group>"; };
		4B92E24D15CE3C7800249F26 /* SDWebImageCompat.h */ = {isa = PBXFileReference; fileEncoding = 4; lastKnownFileType = sourcecode.c.h; path = SDWebImageCompat.h; sourceTree = "<group>"; };
		4B92E24E15CE3C7800249F26 /* SDWebImageDecoder.h */ = {isa = PBXFileReference; fileEncoding = 4; lastKnownFileType = sourcecode.c.h; path = SDWebImageDecoder.h; sourceTree = "<group>"; };
		4B92E24F15CE3C7800249F26 /* SDWebImageDecoder.m */ = {isa = PBXFileReference; fileEncoding = 4; lastKnownFileType = sourcecode.c.objc; path = SDWebImageDecoder.m; sourceTree = "<group>"; };
		4B92E25015CE3C7800249F26 /* SDWebImageDownloader.h */ = {isa = PBXFileReference; fileEncoding = 4; lastKnownFileType = sourcecode.c.h; path = SDWebImageDownloader.h; sourceTree = "<group>"; };
		4B92E25115CE3C7800249F26 /* SDWebImageDownloader.m */ = {isa = PBXFileReference; fileEncoding = 4; lastKnownFileType = sourcecode.c.objc; path = SDWebImageDownloader.m; sourceTree = "<group>"; };
		4B92E25215CE3C7800249F26 /* SDWebImageDownloaderDelegate.h */ = {isa = PBXFileReference; fileEncoding = 4; lastKnownFileType = sourcecode.c.h; path = SDWebImageDownloaderDelegate.h; sourceTree = "<group>"; };
		4B92E25315CE3C7800249F26 /* SDWebImageManager.h */ = {isa = PBXFileReference; fileEncoding = 4; lastKnownFileType = sourcecode.c.h; path = SDWebImageManager.h; sourceTree = "<group>"; };
		4B92E25415CE3C7800249F26 /* SDWebImageManager.m */ = {isa = PBXFileReference; fileEncoding = 4; lastKnownFileType = sourcecode.c.objc; path = SDWebImageManager.m; sourceTree = "<group>"; };
		4B92E25515CE3C7800249F26 /* SDWebImageManagerDelegate.h */ = {isa = PBXFileReference; fileEncoding = 4; lastKnownFileType = sourcecode.c.h; path = SDWebImageManagerDelegate.h; sourceTree = "<group>"; };
		4B92E25615CE3C7800249F26 /* SDWebImagePrefetcher.h */ = {isa = PBXFileReference; fileEncoding = 4; lastKnownFileType = sourcecode.c.h; path = SDWebImagePrefetcher.h; sourceTree = "<group>"; };
		4B92E25715CE3C7800249F26 /* SDWebImagePrefetcher.m */ = {isa = PBXFileReference; fileEncoding = 4; lastKnownFileType = sourcecode.c.objc; path = SDWebImagePrefetcher.m; sourceTree = "<group>"; };
		4B92E25815CE3C7800249F26 /* UIButton+WebCache.h */ = {isa = PBXFileReference; fileEncoding = 4; lastKnownFileType = sourcecode.c.h; path = "UIButton+WebCache.h"; sourceTree = "<group>"; };
		4B92E25915CE3C7800249F26 /* UIButton+WebCache.m */ = {isa = PBXFileReference; fileEncoding = 4; lastKnownFileType = sourcecode.c.objc; path = "UIButton+WebCache.m"; sourceTree = "<group>"; };
		4B92E25A15CE3C7800249F26 /* UIImageView+WebCache.h */ = {isa = PBXFileReference; fileEncoding = 4; lastKnownFileType = sourcecode.c.h; path = "UIImageView+WebCache.h"; sourceTree = "<group>"; };
		4B92E25B15CE3C7800249F26 /* UIImageView+WebCache.m */ = {isa = PBXFileReference; fileEncoding = 4; lastKnownFileType = sourcecode.c.objc; path = "UIImageView+WebCache.m"; sourceTree = "<group>"; };
		4B92E26415CE3CBC00249F26 /* MapKit.framework */ = {isa = PBXFileReference; lastKnownFileType = wrapper.framework; name = MapKit.framework; path = System/Library/Frameworks/MapKit.framework; sourceTree = SDKROOT; };
		4B92E26C15CE895E00249F26 /* placefold.jpeg */ = {isa = PBXFileReference; lastKnownFileType = image.jpeg; path = placefold.jpeg; sourceTree = "<group>"; };
		4BACE06C1615E4AB006B3E00 /* UIWebView+Clean.h */ = {isa = PBXFileReference; fileEncoding = 4; lastKnownFileType = sourcecode.c.h; path = "UIWebView+Clean.h"; sourceTree = "<group>"; };
		4BACE06D1615E4AB006B3E00 /* UIWebView+Clean.m */ = {isa = PBXFileReference; fileEncoding = 4; lastKnownFileType = sourcecode.c.objc; path = "UIWebView+Clean.m"; sourceTree = "<group>"; };
		4BACE0911615F016006B3E00 /* libMobClickLibrary.a */ = {isa = PBXFileReference; lastKnownFileType = archive.ar; path = libMobClickLibrary.a; sourceTree = "<group>"; };
		4BACE0921615F016006B3E00 /* MobClick.h */ = {isa = PBXFileReference; fileEncoding = 4; lastKnownFileType = sourcecode.c.h; path = MobClick.h; sourceTree = "<group>"; };
		4BACE0941615F050006B3E00 /* libz.dylib */ = {isa = PBXFileReference; lastKnownFileType = "compiled.mach-o.dylib"; name = libz.dylib; path = usr/lib/libz.dylib; sourceTree = SDKROOT; };
		4BAF7BAB15ECFE3200D64CCD /* BrandViewController.h */ = {isa = PBXFileReference; fileEncoding = 4; lastKnownFileType = sourcecode.c.h; name = BrandViewController.h; path = ../BrandViewController.h; sourceTree = "<group>"; };
		4BAF7BAC15ECFE3200D64CCD /* BrandViewController.m */ = {isa = PBXFileReference; fileEncoding = 4; lastKnownFileType = sourcecode.c.objc; name = BrandViewController.m; path = ../BrandViewController.m; sourceTree = "<group>"; };
		4BCB56FD160220500082D965 /* DDXMLElementAdditions.h */ = {isa = PBXFileReference; fileEncoding = 4; lastKnownFileType = sourcecode.c.h; path = DDXMLElementAdditions.h; sourceTree = "<group>"; };
		4BCB56FE160220500082D965 /* DDXMLElementAdditions.m */ = {isa = PBXFileReference; fileEncoding = 4; lastKnownFileType = sourcecode.c.objc; path = DDXMLElementAdditions.m; sourceTree = "<group>"; };
		4BCB5700160220500082D965 /* NSString+DDXML.h */ = {isa = PBXFileReference; fileEncoding = 4; lastKnownFileType = sourcecode.c.h; path = "NSString+DDXML.h"; sourceTree = "<group>"; };
		4BCB5701160220500082D965 /* NSString+DDXML.m */ = {isa = PBXFileReference; fileEncoding = 4; lastKnownFileType = sourcecode.c.objc; path = "NSString+DDXML.m"; sourceTree = "<group>"; };
		4BCB5702160220500082D965 /* DDXML.h */ = {isa = PBXFileReference; fileEncoding = 4; lastKnownFileType = sourcecode.c.h; path = DDXML.h; sourceTree = "<group>"; };
		4BCB5703160220500082D965 /* DDXMLDocument.h */ = {isa = PBXFileReference; fileEncoding = 4; lastKnownFileType = sourcecode.c.h; path = DDXMLDocument.h; sourceTree = "<group>"; };
		4BCB5704160220500082D965 /* DDXMLDocument.m */ = {isa = PBXFileReference; fileEncoding = 4; lastKnownFileType = sourcecode.c.objc; path = DDXMLDocument.m; sourceTree = "<group>"; };
		4BCB5705160220500082D965 /* DDXMLElement.h */ = {isa = PBXFileReference; fileEncoding = 4; lastKnownFileType = sourcecode.c.h; path = DDXMLElement.h; sourceTree = "<group>"; };
		4BCB5706160220500082D965 /* DDXMLElement.m */ = {isa = PBXFileReference; fileEncoding = 4; lastKnownFileType = sourcecode.c.objc; path = DDXMLElement.m; sourceTree = "<group>"; };
		4BCB5707160220500082D965 /* DDXMLNode.h */ = {isa = PBXFileReference; fileEncoding = 4; lastKnownFileType = sourcecode.c.h; path = DDXMLNode.h; sourceTree = "<group>"; };
		4BCB5708160220500082D965 /* DDXMLNode.m */ = {isa = PBXFileReference; fileEncoding = 4; lastKnownFileType = sourcecode.c.objc; path = DDXMLNode.m; sourceTree = "<group>"; };
		4BCB570A160220500082D965 /* DDXMLPrivate.h */ = {isa = PBXFileReference; fileEncoding = 4; lastKnownFileType = sourcecode.c.h; path = DDXMLPrivate.h; sourceTree = "<group>"; };
		4BCB571B16022EF80082D965 /* libxml2.dylib */ = {isa = PBXFileReference; lastKnownFileType = "compiled.mach-o.dylib"; name = libxml2.dylib; path = usr/lib/libxml2.dylib; sourceTree = SDKROOT; };
		4BCBB25D15FB395400282CD5 /* TheBrandViewController.h */ = {isa = PBXFileReference; fileEncoding = 4; lastKnownFileType = sourcecode.c.h; path = TheBrandViewController.h; sourceTree = "<group>"; };
		4BCBB25E15FB395400282CD5 /* TheBrandViewController.m */ = {isa = PBXFileReference; fileEncoding = 4; lastKnownFileType = sourcecode.c.objc; path = TheBrandViewController.m; sourceTree = "<group>"; };
		4BDB315015BA56DE007B1C6F /* MuyingYongpin.app */ = {isa = PBXFileReference; explicitFileType = wrapper.application; includeInIndex = 0; path = MuyingYongpin.app; sourceTree = BUILT_PRODUCTS_DIR; };
		4BDB315415BA56DE007B1C6F /* UIKit.framework */ = {isa = PBXFileReference; lastKnownFileType = wrapper.framework; name = UIKit.framework; path = System/Library/Frameworks/UIKit.framework; sourceTree = SDKROOT; };
		4BDB315615BA56DE007B1C6F /* Foundation.framework */ = {isa = PBXFileReference; lastKnownFileType = wrapper.framework; name = Foundation.framework; path = System/Library/Frameworks/Foundation.framework; sourceTree = SDKROOT; };
		4BDB315815BA56DE007B1C6F /* CoreGraphics.framework */ = {isa = PBXFileReference; lastKnownFileType = wrapper.framework; name = CoreGraphics.framework; path = System/Library/Frameworks/CoreGraphics.framework; sourceTree = SDKROOT; };
		4BDB315C15BA56DE007B1C6F /* MuyingYongpin-Info.plist */ = {isa = PBXFileReference; lastKnownFileType = text.plist.xml; path = "MuyingYongpin-Info.plist"; sourceTree = "<group>"; };
		4BDB315E15BA56DE007B1C6F /* en */ = {isa = PBXFileReference; lastKnownFileType = text.plist.strings; name = en; path = en.lproj/InfoPlist.strings; sourceTree = "<group>"; };
		4BDB316015BA56DE007B1C6F /* main.m */ = {isa = PBXFileReference; lastKnownFileType = sourcecode.c.objc; path = main.m; sourceTree = "<group>"; };
		4BDB316215BA56DE007B1C6F /* MuyingYongpin-Prefix.pch */ = {isa = PBXFileReference; lastKnownFileType = sourcecode.c.h; path = "MuyingYongpin-Prefix.pch"; sourceTree = "<group>"; };
		4BDB316315BA56DE007B1C6F /* AppDelegate.h */ = {isa = PBXFileReference; lastKnownFileType = sourcecode.c.h; path = AppDelegate.h; sourceTree = "<group>"; };
		4BDB316415BA56DE007B1C6F /* AppDelegate.m */ = {isa = PBXFileReference; lastKnownFileType = sourcecode.c.objc; path = AppDelegate.m; sourceTree = "<group>"; };
		4BDB316615BA56DE007B1C6F /* HotProductViewController.h */ = {isa = PBXFileReference; lastKnownFileType = sourcecode.c.h; path = HotProductViewController.h; sourceTree = "<group>"; };
		4BDB316715BA56DE007B1C6F /* HotProductViewController.m */ = {isa = PBXFileReference; lastKnownFileType = sourcecode.c.objc; path = HotProductViewController.m; sourceTree = "<group>"; };
		4BDB317115BAA36C007B1C6F /* DataController.h */ = {isa = PBXFileReference; fileEncoding = 4; lastKnownFileType = sourcecode.c.h; path = DataController.h; sourceTree = "<group>"; };
		4BDB317215BAA36C007B1C6F /* DataController.m */ = {isa = PBXFileReference; fileEncoding = 4; lastKnownFileType = sourcecode.c.objc; path = DataController.m; sourceTree = "<group>"; };
		4BE1B82416135BA0006AE5D9 /* NewsWebViewController.h */ = {isa = PBXFileReference; fileEncoding = 4; lastKnownFileType = sourcecode.c.h; path = NewsWebViewController.h; sourceTree = "<group>"; };
		4BE1B82516135BA0006AE5D9 /* NewsWebViewController.m */ = {isa = PBXFileReference; fileEncoding = 4; lastKnownFileType = sourcecode.c.objc; path = NewsWebViewController.m; sourceTree = "<group>"; };
		4BEEF2C915D7AC9C00C424DA /* SystemConfiguration.framework */ = {isa = PBXFileReference; lastKnownFileType = wrapper.framework; name = SystemConfiguration.framework; path = System/Library/Frameworks/SystemConfiguration.framework; sourceTree = SDKROOT; };
		4BF917CA160425A000FFA523 /* NewsCell.h */ = {isa = PBXFileReference; fileEncoding = 4; lastKnownFileType = sourcecode.c.h; path = NewsCell.h; sourceTree = "<group>"; };
		4BF917CB160425A000FFA523 /* NewsCell.m */ = {isa = PBXFileReference; fileEncoding = 4; lastKnownFileType = sourcecode.c.objc; path = NewsCell.m; sourceTree = "<group>"; };
		4BFDC31715FCA9F9002E3101 /* StyleOneCell.h */ = {isa = PBXFileReference; fileEncoding = 4; lastKnownFileType = sourcecode.c.h; path = StyleOneCell.h; sourceTree = "<group>"; };
		4BFDC31815FCA9F9002E3101 /* StyleOneCell.m */ = {isa = PBXFileReference; fileEncoding = 4; lastKnownFileType = sourcecode.c.objc; path = StyleOneCell.m; sourceTree = "<group>"; };
		4BFDC31C15FCADA5002E3101 /* HotCell.h */ = {isa = PBXFileReference; fileEncoding = 4; lastKnownFileType = sourcecode.c.h; path = HotCell.h; sourceTree = "<group>"; };
		4BFDC31D15FCADA5002E3101 /* HotCell.m */ = {isa = PBXFileReference; fileEncoding = 4; lastKnownFileType = sourcecode.c.objc; path = HotCell.m; sourceTree = "<group>"; };
		4BFDC32515FCD7CD002E3101 /* AFHTTPClient.h */ = {isa = PBXFileReference; fileEncoding = 4; lastKnownFileType = sourcecode.c.h; path = AFHTTPClient.h; sourceTree = "<group>"; };
		4BFDC32615FCD7CD002E3101 /* AFHTTPClient.m */ = {isa = PBXFileReference; fileEncoding = 4; lastKnownFileType = sourcecode.c.objc; path = AFHTTPClient.m; sourceTree = "<group>"; };
		4BFDC32715FCD7CD002E3101 /* AFHTTPRequestOperation.h */ = {isa = PBXFileReference; fileEncoding = 4; lastKnownFileType = sourcecode.c.h; path = AFHTTPRequestOperation.h; sourceTree = "<group>"; };
		4BFDC32815FCD7CD002E3101 /* AFHTTPRequestOperation.m */ = {isa = PBXFileReference; fileEncoding = 4; lastKnownFileType = sourcecode.c.objc; path = AFHTTPRequestOperation.m; sourceTree = "<group>"; };
		4BFDC32915FCD7CD002E3101 /* AFImageRequestOperation.h */ = {isa = PBXFileReference; fileEncoding = 4; lastKnownFileType = sourcecode.c.h; path = AFImageRequestOperation.h; sourceTree = "<group>"; };
		4BFDC32A15FCD7CD002E3101 /* AFImageRequestOperation.m */ = {isa = PBXFileReference; fileEncoding = 4; lastKnownFileType = sourcecode.c.objc; path = AFImageRequestOperation.m; sourceTree = "<group>"; };
		4BFDC32B15FCD7CD002E3101 /* AFJSONRequestOperation.h */ = {isa = PBXFileReference; fileEncoding = 4; lastKnownFileType = sourcecode.c.h; path = AFJSONRequestOperation.h; sourceTree = "<group>"; };
		4BFDC32C15FCD7CD002E3101 /* AFJSONRequestOperation.m */ = {isa = PBXFileReference; fileEncoding = 4; lastKnownFileType = sourcecode.c.objc; path = AFJSONRequestOperation.m; sourceTree = "<group>"; };
		4BFDC32D15FCD7CD002E3101 /* AFJSONUtilities.h */ = {isa = PBXFileReference; fileEncoding = 4; lastKnownFileType = sourcecode.c.h; path = AFJSONUtilities.h; sourceTree = "<group>"; };
		4BFDC32E15FCD7CD002E3101 /* AFJSONUtilities.m */ = {isa = PBXFileReference; fileEncoding = 4; lastKnownFileType = sourcecode.c.objc; path = AFJSONUtilities.m; sourceTree = "<group>"; };
		4BFDC32F15FCD7CD002E3101 /* AFNetworkActivityIndicatorManager.h */ = {isa = PBXFileReference; fileEncoding = 4; lastKnownFileType = sourcecode.c.h; path = AFNetworkActivityIndicatorManager.h; sourceTree = "<group>"; };
		4BFDC33015FCD7CD002E3101 /* AFNetworkActivityIndicatorManager.m */ = {isa = PBXFileReference; fileEncoding = 4; lastKnownFileType = sourcecode.c.objc; path = AFNetworkActivityIndicatorManager.m; sourceTree = "<group>"; };
		4BFDC33115FCD7CD002E3101 /* AFNetworking.h */ = {isa = PBXFileReference; fileEncoding = 4; lastKnownFileType = sourcecode.c.h; path = AFNetworking.h; sourceTree = "<group>"; };
		4BFDC33215FCD7CD002E3101 /* AFPropertyListRequestOperation.h */ = {isa = PBXFileReference; fileEncoding = 4; lastKnownFileType = sourcecode.c.h; path = AFPropertyListRequestOperation.h; sourceTree = "<group>"; };
		4BFDC33315FCD7CD002E3101 /* AFPropertyListRequestOperation.m */ = {isa = PBXFileReference; fileEncoding = 4; lastKnownFileType = sourcecode.c.objc; path = AFPropertyListRequestOperation.m; sourceTree = "<group>"; };
		4BFDC33415FCD7CD002E3101 /* AFURLConnectionOperation.h */ = {isa = PBXFileReference; fileEncoding = 4; lastKnownFileType = sourcecode.c.h; path = AFURLConnectionOperation.h; sourceTree = "<group>"; };
		4BFDC33515FCD7CD002E3101 /* AFURLConnectionOperation.m */ = {isa = PBXFileReference; fileEncoding = 4; lastKnownFileType = sourcecode.c.objc; path = AFURLConnectionOperation.m; sourceTree = "<group>"; };
		4BFDC33615FCD7CD002E3101 /* AFXMLRequestOperation.h */ = {isa = PBXFileReference; fileEncoding = 4; lastKnownFileType = sourcecode.c.h; path = AFXMLRequestOperation.h; sourceTree = "<group>"; };
		4BFDC33715FCD7CD002E3101 /* AFXMLRequestOperation.m */ = {isa = PBXFileReference; fileEncoding = 4; lastKnownFileType = sourcecode.c.objc; path = AFXMLRequestOperation.m; sourceTree = "<group>"; };
		4BFDC33815FCD7CD002E3101 /* UIImageView+AFNetworking.h */ = {isa = PBXFileReference; fileEncoding = 4; lastKnownFileType = sourcecode.c.h; path = "UIImageView+AFNetworking.h"; sourceTree = "<group>"; };
		4BFDC33915FCD7CD002E3101 /* UIImageView+AFNetworking.m */ = {isa = PBXFileReference; fileEncoding = 4; lastKnownFileType = sourcecode.c.objc; path = "UIImageView+AFNetworking.m"; sourceTree = "<group>"; };
/* End PBXFileReference section */

/* Begin PBXFrameworksBuildPhase section */
		4BDB314D15BA56DE007B1C6F /* Frameworks */ = {
			isa = PBXFrameworksBuildPhase;
			buildActionMask = 2147483647;
			files = (
				4B8E9AEC1619E3E000A37B6E /* CoreData.framework in Frameworks */,
				4BACE0951615F050006B3E00 /* libz.dylib in Frameworks */,
				4B39A09E160DC4F200C922B2 /* QuartzCore.framework in Frameworks */,
				4BCB571C16022EF80082D965 /* libxml2.dylib in Frameworks */,
				4BEEF2CA15D7AC9C00C424DA /* SystemConfiguration.framework in Frameworks */,
				4B92E26515CE3CBC00249F26 /* MapKit.framework in Frameworks */,
				4B92E20015CD4F7B00249F26 /* ImageIO.framework in Frameworks */,
				4BDB315515BA56DE007B1C6F /* UIKit.framework in Frameworks */,
				4BDB315715BA56DE007B1C6F /* Foundation.framework in Frameworks */,
				4BDB315915BA56DE007B1C6F /* CoreGraphics.framework in Frameworks */,
				4BACE0931615F016006B3E00 /* libMobClickLibrary.a in Frameworks */,
			);
			runOnlyForDeploymentPostprocessing = 0;
		};
/* End PBXFrameworksBuildPhase section */

/* Begin PBXGroup section */
		4B39A098160DC38A00C922B2 /* SVPullToRefresh */ = {
			isa = PBXGroup;
			children = (
				4B39A09A160DC39C00C922B2 /* SVPullToRefresh.h */,
				4B39A09B160DC39C00C922B2 /* SVPullToRefresh.m */,
			);
			name = SVPullToRefresh;
			sourceTree = "<group>";
		};
		4B820EB315EEE41E00C85EB8 /* bar */ = {
			isa = PBXGroup;
			children = (
				4B8BA35715F635CC00332F08 /* iconListTabShape@2xUncrushedPng.png */,
				4B8BA35515F635C200332F08 /* iconListTabFocus@2xUncrushedPng.png */,
				4B8BA35315F635B700332F08 /* iconListTab@2x.png */,
				4B8BA35115F635A700332F08 /* iconFavorTabFocus@2xUncrushedPng.png */,
				4B8BA34F15F6359D00332F08 /* iconFavorTab@2x.png */,
				4B8BA34D15F6359200332F08 /* iconFavored@2xUncrushedPng.png */,
				4B8BA34B15F6358700332F08 /* iconFavor@2xUncrushedPng.png */,
				4B8BA34915F6357300332F08 /* iconCatalogTabShape@2xUncrushedPng.png */,
				4B8BA34715F6355F00332F08 /* iconCatalogTabFocus@2xUncrushedPng.png */,
				4B8BA34515F6352B00332F08 /* iconCatalogTab@2x.png */,
				4B8BA34315F6351800332F08 /* iconAppsTab@2x.png */,
				4B8BA34115F632A500332F08 /* tabBarBg@2x.png */,
				4B8BA33F15F62F1F00332F08 /* navBg@2x.png */,
				4B8BA33D15F62F1000332F08 /* itemTitleBg@2xUncrushedPng.png */,
				4B8BA33B15F62E8500332F08 /* bannernavBg@2x.png */,
			);
			name = bar;
			sourceTree = "<group>";
		};
		4B92E1CD15CD0BEF00249F26 /* Utilities */ = {
			isa = PBXGroup;
			children = (
				4B92E1D215CD0C5000249F26 /* Constants.h */,
				4B92E1CF15CD0C1700249F26 /* Utility.h */,
				4B92E1D015CD0C1700249F26 /* Utility.m */,
			);
			name = Utilities;
			sourceTree = "<group>";
		};
		4B92E1D515CD1AE800249F26 /* SBJson */ = {
			isa = PBXGroup;
			children = (
				4B92E1D615CD1AE800249F26 /* NSObject+SBJson.h */,
				4B92E1D715CD1AE800249F26 /* NSObject+SBJson.m */,
				4B92E1D815CD1AE800249F26 /* SBJson.h */,
				4B92E1D915CD1AE800249F26 /* SBJsonParser.h */,
				4B92E1DA15CD1AE800249F26 /* SBJsonParser.m */,
				4B92E1DB15CD1AE800249F26 /* SBJsonStreamParser.h */,
				4B92E1DC15CD1AE800249F26 /* SBJsonStreamParser.m */,
				4B92E1DD15CD1AE800249F26 /* SBJsonStreamParserAccumulator.h */,
				4B92E1DE15CD1AE800249F26 /* SBJsonStreamParserAccumulator.m */,
				4B92E1DF15CD1AE800249F26 /* SBJsonStreamParserAdapter.h */,
				4B92E1E015CD1AE800249F26 /* SBJsonStreamParserAdapter.m */,
				4B92E1E115CD1AE800249F26 /* SBJsonStreamParserState.h */,
				4B92E1E215CD1AE800249F26 /* SBJsonStreamParserState.m */,
				4B92E1E315CD1AE800249F26 /* SBJsonStreamWriter.h */,
				4B92E1E415CD1AE800249F26 /* SBJsonStreamWriter.m */,
				4B92E1E515CD1AE800249F26 /* SBJsonStreamWriterAccumulator.h */,
				4B92E1E615CD1AE800249F26 /* SBJsonStreamWriterAccumulator.m */,
				4B92E1E715CD1AE800249F26 /* SBJsonStreamWriterState.h */,
				4B92E1E815CD1AE800249F26 /* SBJsonStreamWriterState.m */,
				4B92E1E915CD1AE800249F26 /* SBJsonTokeniser.h */,
				4B92E1EA15CD1AE800249F26 /* SBJsonTokeniser.m */,
				4B92E1EB15CD1AE800249F26 /* SBJsonUTF8Stream.h */,
				4B92E1EC15CD1AE800249F26 /* SBJsonUTF8Stream.m */,
				4B92E1ED15CD1AE800249F26 /* SBJsonWriter.h */,
				4B92E1EE15CD1AE800249F26 /* SBJsonWriter.m */,
			);
			name = SBJson;
			path = Classes;
			sourceTree = "<group>";
		};
		4B92E1FB15CD2E5000249F26 /* Model */ = {
			isa = PBXGroup;
			children = (
				4B92E1FC15CD2E7200249F26 /* Product.h */,
				4B92E1FD15CD2E7200249F26 /* Product.m */,
				4B07D2E71610A64900753B9A /* FashionNews.h */,
				4B07D2E81610A64900753B9A /* FashionNews.m */,
			);
			name = Model;
			sourceTree = "<group>";
		};
		4B92E24715CE3C7700249F26 /* SDWebImage */ = {
			isa = PBXGroup;
			children = (
				4B92E24815CE3C7800249F26 /* MKAnnotationView+WebCache.h */,
				4B92E24915CE3C7800249F26 /* MKAnnotationView+WebCache.m */,
				4B92E24A15CE3C7800249F26 /* SDImageCache.h */,
				4B92E24B15CE3C7800249F26 /* SDImageCache.m */,
				4B92E24C15CE3C7800249F26 /* SDImageCacheDelegate.h */,
				4B92E24D15CE3C7800249F26 /* SDWebImageCompat.h */,
				4B92E24E15CE3C7800249F26 /* SDWebImageDecoder.h */,
				4B92E24F15CE3C7800249F26 /* SDWebImageDecoder.m */,
				4B92E25015CE3C7800249F26 /* SDWebImageDownloader.h */,
				4B92E25115CE3C7800249F26 /* SDWebImageDownloader.m */,
				4B92E25215CE3C7800249F26 /* SDWebImageDownloaderDelegate.h */,
				4B92E25315CE3C7800249F26 /* SDWebImageManager.h */,
				4B92E25415CE3C7800249F26 /* SDWebImageManager.m */,
				4B92E25515CE3C7800249F26 /* SDWebImageManagerDelegate.h */,
				4B92E25615CE3C7800249F26 /* SDWebImagePrefetcher.h */,
				4B92E25715CE3C7800249F26 /* SDWebImagePrefetcher.m */,
				4B92E25815CE3C7800249F26 /* UIButton+WebCache.h */,
				4B92E25915CE3C7800249F26 /* UIButton+WebCache.m */,
				4B92E25A15CE3C7800249F26 /* UIImageView+WebCache.h */,
				4B92E25B15CE3C7800249F26 /* UIImageView+WebCache.m */,
			);
			path = SDWebImage;
			sourceTree = "<group>";
		};
		4BACE06B1615E4AA006B3E00 /* UIWebView+Clean */ = {
			isa = PBXGroup;
			children = (
				4BACE06C1615E4AB006B3E00 /* UIWebView+Clean.h */,
				4BACE06D1615E4AB006B3E00 /* UIWebView+Clean.m */,
			);
			path = "UIWebView+Clean";
			sourceTree = "<group>";
		};
		4BCB56FB160220500082D965 /* KissXML */ = {
			isa = PBXGroup;
			children = (
				4BCB56FC160220500082D965 /* Additions */,
				4BCB56FF160220500082D965 /* Categories */,
				4BCB5702160220500082D965 /* DDXML.h */,
				4BCB5703160220500082D965 /* DDXMLDocument.h */,
				4BCB5704160220500082D965 /* DDXMLDocument.m */,
				4BCB5705160220500082D965 /* DDXMLElement.h */,
				4BCB5706160220500082D965 /* DDXMLElement.m */,
				4BCB5707160220500082D965 /* DDXMLNode.h */,
				4BCB5708160220500082D965 /* DDXMLNode.m */,
				4BCB5709160220500082D965 /* Private */,
			);
			path = KissXML;
			sourceTree = "<group>";
		};
		4BCB56FC160220500082D965 /* Additions */ = {
			isa = PBXGroup;
			children = (
				4BCB56FD160220500082D965 /* DDXMLElementAdditions.h */,
				4BCB56FE160220500082D965 /* DDXMLElementAdditions.m */,
			);
			path = Additions;
			sourceTree = "<group>";
		};
		4BCB56FF160220500082D965 /* Categories */ = {
			isa = PBXGroup;
			children = (
				4BCB5700160220500082D965 /* NSString+DDXML.h */,
				4BCB5701160220500082D965 /* NSString+DDXML.m */,
			);
			path = Categories;
			sourceTree = "<group>";
		};
		4BCB5709160220500082D965 /* Private */ = {
			isa = PBXGroup;
			children = (
				4BCB570A160220500082D965 /* DDXMLPrivate.h */,
			);
			path = Private;
			sourceTree = "<group>";
		};
		4BDB314515BA56DE007B1C6F = {
			isa = PBXGroup;
			children = (
				4BDB315A15BA56DE007B1C6F /* MuyingYongpin */,
				4BDB315315BA56DE007B1C6F /* Frameworks */,
				4BDB315115BA56DE007B1C6F /* Products */,
			);
			sourceTree = "<group>";
		};
		4BDB315115BA56DE007B1C6F /* Products */ = {
			isa = PBXGroup;
			children = (
				4BDB315015BA56DE007B1C6F /* MuyingYongpin.app */,
			);
			name = Products;
			sourceTree = "<group>";
		};
		4BDB315315BA56DE007B1C6F /* Frameworks */ = {
			isa = PBXGroup;
			children = (
				4BACE0921615F016006B3E00 /* MobClick.h */,
				4BACE0911615F016006B3E00 /* libMobClickLibrary.a */,
				4BACE0941615F050006B3E00 /* libz.dylib */,
				4BCB571B16022EF80082D965 /* libxml2.dylib */,
				4B8E9AEB1619E3E000A37B6E /* CoreData.framework */,
				4B39A09D160DC4F200C922B2 /* QuartzCore.framework */,
				4BEEF2C915D7AC9C00C424DA /* SystemConfiguration.framework */,
				4B92E26415CE3CBC00249F26 /* MapKit.framework */,
				4B92E1FF15CD4F7A00249F26 /* ImageIO.framework */,
				4BDB315415BA56DE007B1C6F /* UIKit.framework */,
				4BDB315615BA56DE007B1C6F /* Foundation.framework */,
				4BDB315815BA56DE007B1C6F /* CoreGraphics.framework */,
			);
			name = Frameworks;
			sourceTree = "<group>";
		};
		4BDB315A15BA56DE007B1C6F /* MuyingYongpin */ = {
			isa = PBXGroup;
			children = (
				4BACE06B1615E4AA006B3E00 /* UIWebView+Clean */,
				4B39A098160DC38A00C922B2 /* SVPullToRefresh */,
				4BCB56FB160220500082D965 /* KissXML */,
				4BFDC32415FCD7CD002E3101 /* AFNetworking */,
				4B92E24715CE3C7700249F26 /* SDWebImage */,
				4B92E1D515CD1AE800249F26 /* SBJson */,
				4B92E1CD15CD0BEF00249F26 /* Utilities */,
				4BFDC31B15FCAA12002E3101 /* Views */,
				4B92E1FB15CD2E5000249F26 /* Model */,
				4BDB316315BA56DE007B1C6F /* AppDelegate.h */,
				4BDB316415BA56DE007B1C6F /* AppDelegate.m */,
				4BDB316615BA56DE007B1C6F /* HotProductViewController.h */,
				4BDB316715BA56DE007B1C6F /* HotProductViewController.m */,
				4BAF7BAB15ECFE3200D64CCD /* BrandViewController.h */,
				4BAF7BAC15ECFE3200D64CCD /* BrandViewController.m */,
				4BCBB25D15FB395400282CD5 /* TheBrandViewController.h */,
				4BCBB25E15FB395400282CD5 /* TheBrandViewController.m */,
				4B421C0815ECFEC2001094FE /* CollectViewController.h */,
				4B421C0915ECFEC2001094FE /* CollectViewController.m */,
				4B820E5415ECFF1E00C85EB8 /* NewsFeedViewController.h */,
				4B820E5515ECFF1E00C85EB8 /* NewsFeedViewController.m */,
				4B7620651608A479004DAF89 /* WebViewController.h */,
				4B7620661608A479004DAF89 /* WebViewController.m */,
				4BE1B82416135BA0006AE5D9 /* NewsWebViewController.h */,
				4BE1B82516135BA0006AE5D9 /* NewsWebViewController.m */,
				4BDB317115BAA36C007B1C6F /* DataController.h */,
				4BDB317215BAA36C007B1C6F /* DataController.m */,
				4BDB315B15BA56DE007B1C6F /* Supporting Files */,
			);
			path = MuyingYongpin;
			sourceTree = "<group>";
		};
		4BDB315B15BA56DE007B1C6F /* Supporting Files */ = {
			isa = PBXGroup;
			children = (
				4B820EB315EEE41E00C85EB8 /* bar */,
				4B92E26C15CE895E00249F26 /* placefold.jpeg */,
				4BDB315C15BA56DE007B1C6F /* MuyingYongpin-Info.plist */,
				4BDB315D15BA56DE007B1C6F /* InfoPlist.strings */,
				4BDB316015BA56DE007B1C6F /* main.m */,
				4BDB316215BA56DE007B1C6F /* MuyingYongpin-Prefix.pch */,
			);
			name = "Supporting Files";
			sourceTree = "<group>";
		};
		4BFDC31B15FCAA12002E3101 /* Views */ = {
			isa = PBXGroup;
			children = (
				4BFDC31C15FCADA5002E3101 /* HotCell.h */,
				4BFDC31D15FCADA5002E3101 /* HotCell.m */,
				4BFDC31715FCA9F9002E3101 /* StyleOneCell.h */,
				4BFDC31815FCA9F9002E3101 /* StyleOneCell.m */,
				4B800C2815FF6A27007EA85C /* TouchableImageView.h */,
				4B800C2915FF6A27007EA85C /* TouchableImageView.m */,
				4BF917CA160425A000FFA523 /* NewsCell.h */,
				4BF917CB160425A000FFA523 /* NewsCell.m */,
			);
			name = Views;
			sourceTree = "<group>";
		};
		4BFDC32415FCD7CD002E3101 /* AFNetworking */ = {
			isa = PBXGroup;
			children = (
				4BFDC32515FCD7CD002E3101 /* AFHTTPClient.h */,
				4BFDC32615FCD7CD002E3101 /* AFHTTPClient.m */,
				4BFDC32715FCD7CD002E3101 /* AFHTTPRequestOperation.h */,
				4BFDC32815FCD7CD002E3101 /* AFHTTPRequestOperation.m */,
				4BFDC32915FCD7CD002E3101 /* AFImageRequestOperation.h */,
				4BFDC32A15FCD7CD002E3101 /* AFImageRequestOperation.m */,
				4BFDC32B15FCD7CD002E3101 /* AFJSONRequestOperation.h */,
				4BFDC32C15FCD7CD002E3101 /* AFJSONRequestOperation.m */,
				4BFDC32D15FCD7CD002E3101 /* AFJSONUtilities.h */,
				4BFDC32E15FCD7CD002E3101 /* AFJSONUtilities.m */,
				4BFDC32F15FCD7CD002E3101 /* AFNetworkActivityIndicatorManager.h */,
				4BFDC33015FCD7CD002E3101 /* AFNetworkActivityIndicatorManager.m */,
				4BFDC33115FCD7CD002E3101 /* AFNetworking.h */,
				4BFDC33215FCD7CD002E3101 /* AFPropertyListRequestOperation.h */,
				4BFDC33315FCD7CD002E3101 /* AFPropertyListRequestOperation.m */,
				4BFDC33415FCD7CD002E3101 /* AFURLConnectionOperation.h */,
				4BFDC33515FCD7CD002E3101 /* AFURLConnectionOperation.m */,
				4BFDC33615FCD7CD002E3101 /* AFXMLRequestOperation.h */,
				4BFDC33715FCD7CD002E3101 /* AFXMLRequestOperation.m */,
				4BFDC33815FCD7CD002E3101 /* UIImageView+AFNetworking.h */,
				4BFDC33915FCD7CD002E3101 /* UIImageView+AFNetworking.m */,
			);
			path = AFNetworking;
			sourceTree = "<group>";
		};
/* End PBXGroup section */

/* Begin PBXNativeTarget section */
		4BDB314F15BA56DE007B1C6F /* MuyingYongpin */ = {
			isa = PBXNativeTarget;
			buildConfigurationList = 4BDB316E15BA56DE007B1C6F /* Build configuration list for PBXNativeTarget "MuyingYongpin" */;
			buildPhases = (
				4BDB314C15BA56DE007B1C6F /* Sources */,
				4BDB314D15BA56DE007B1C6F /* Frameworks */,
				4BDB314E15BA56DE007B1C6F /* Resources */,
			);
			buildRules = (
			);
			dependencies = (
			);
			name = MuyingYongpin;
			productName = MuyingYongpin;
			productReference = 4BDB315015BA56DE007B1C6F /* MuyingYongpin.app */;
			productType = "com.apple.product-type.application";
		};
/* End PBXNativeTarget section */

/* Begin PBXProject section */
		4BDB314715BA56DE007B1C6F /* Project object */ = {
			isa = PBXProject;
			attributes = {
				LastUpgradeCheck = 0420;
			};
			buildConfigurationList = 4BDB314A15BA56DE007B1C6F /* Build configuration list for PBXProject "MuyingYongpin" */;
			compatibilityVersion = "Xcode 3.2";
			developmentRegion = English;
			hasScannedForEncodings = 0;
			knownRegions = (
				en,
			);
			mainGroup = 4BDB314515BA56DE007B1C6F;
			productRefGroup = 4BDB315115BA56DE007B1C6F /* Products */;
			projectDirPath = "";
			projectRoot = "";
			targets = (
				4BDB314F15BA56DE007B1C6F /* MuyingYongpin */,
			);
		};
/* End PBXProject section */

/* Begin PBXResourcesBuildPhase section */
		4BDB314E15BA56DE007B1C6F /* Resources */ = {
			isa = PBXResourcesBuildPhase;
			buildActionMask = 2147483647;
			files = (
				4BDB315F15BA56DE007B1C6F /* InfoPlist.strings in Resources */,
				4B92E26D15CE895E00249F26 /* placefold.jpeg in Resources */,
				4B8BA33C15F62E8500332F08 /* bannernavBg@2x.png in Resources */,
				4B8BA33E15F62F1000332F08 /* itemTitleBg@2xUncrushedPng.png in Resources */,
				4B8BA34015F62F1F00332F08 /* navBg@2x.png in Resources */,
				4B8BA34215F632A500332F08 /* tabBarBg@2x.png in Resources */,
				4B8BA34415F6351800332F08 /* iconAppsTab@2x.png in Resources */,
				4B8BA34615F6352B00332F08 /* iconCatalogTab@2x.png in Resources */,
				4B8BA34815F6355F00332F08 /* iconCatalogTabFocus@2xUncrushedPng.png in Resources */,
				4B8BA34A15F6357300332F08 /* iconCatalogTabShape@2xUncrushedPng.png in Resources */,
				4B8BA34C15F6358700332F08 /* iconFavor@2xUncrushedPng.png in Resources */,
				4B8BA34E15F6359200332F08 /* iconFavored@2xUncrushedPng.png in Resources */,
				4B8BA35015F6359D00332F08 /* iconFavorTab@2x.png in Resources */,
				4B8BA35215F635A700332F08 /* iconFavorTabFocus@2xUncrushedPng.png in Resources */,
				4B8BA35415F635B700332F08 /* iconListTab@2x.png in Resources */,
				4B8BA35615F635C200332F08 /* iconListTabFocus@2xUncrushedPng.png in Resources */,
				4B8BA35815F635CC00332F08 /* iconListTabShape@2xUncrushedPng.png in Resources */,
			);
			runOnlyForDeploymentPostprocessing = 0;
		};
/* End PBXResourcesBuildPhase section */

/* Begin PBXSourcesBuildPhase section */
		4BDB314C15BA56DE007B1C6F /* Sources */ = {
			isa = PBXSourcesBuildPhase;
			buildActionMask = 2147483647;
			files = (
				4BDB316115BA56DE007B1C6F /* main.m in Sources */,
				4BDB316515BA56DE007B1C6F /* AppDelegate.m in Sources */,
				4BDB316815BA56DE007B1C6F /* HotProductViewController.m in Sources */,
				4BDB317315BAA36C007B1C6F /* DataController.m in Sources */,
				4B92E1D115CD0C1700249F26 /* Utility.m in Sources */,
				4B92E1EF15CD1AE800249F26 /* NSObject+SBJson.m in Sources */,
				4B92E1F015CD1AE800249F26 /* SBJsonParser.m in Sources */,
				4B92E1F115CD1AE800249F26 /* SBJsonStreamParser.m in Sources */,
				4B92E1F215CD1AE800249F26 /* SBJsonStreamParserAccumulator.m in Sources */,
				4B92E1F315CD1AE800249F26 /* SBJsonStreamParserAdapter.m in Sources */,
				4B92E1F415CD1AE800249F26 /* SBJsonStreamParserState.m in Sources */,
				4B92E1F515CD1AE800249F26 /* SBJsonStreamWriter.m in Sources */,
				4B92E1F615CD1AE800249F26 /* SBJsonStreamWriterAccumulator.m in Sources */,
				4B92E1F715CD1AE800249F26 /* SBJsonStreamWriterState.m in Sources */,
				4B92E1F815CD1AE800249F26 /* SBJsonTokeniser.m in Sources */,
				4B92E1F915CD1AE800249F26 /* SBJsonUTF8Stream.m in Sources */,
				4B92E1FA15CD1AE800249F26 /* SBJsonWriter.m in Sources */,
				4B92E1FE15CD2E7200249F26 /* Product.m in Sources */,
				4B92E25C15CE3C7800249F26 /* MKAnnotationView+WebCache.m in Sources */,
				4B92E25D15CE3C7800249F26 /* SDImageCache.m in Sources */,
				4B92E25E15CE3C7800249F26 /* SDWebImageDecoder.m in Sources */,
				4B92E25F15CE3C7800249F26 /* SDWebImageDownloader.m in Sources */,
				4B92E26015CE3C7800249F26 /* SDWebImageManager.m in Sources */,
				4B92E26115CE3C7800249F26 /* SDWebImagePrefetcher.m in Sources */,
				4B92E26215CE3C7800249F26 /* UIButton+WebCache.m in Sources */,
				4B92E26315CE3C7800249F26 /* UIImageView+WebCache.m in Sources */,
				4BAF7BAD15ECFE3200D64CCD /* BrandViewController.m in Sources */,
				4B421C0A15ECFEC2001094FE /* CollectViewController.m in Sources */,
				4B820E5615ECFF1E00C85EB8 /* NewsFeedViewController.m in Sources */,
				4BCBB25F15FB395400282CD5 /* TheBrandViewController.m in Sources */,
				4BFDC31915FCA9F9002E3101 /* StyleOneCell.m in Sources */,
				4BFDC31E15FCADA5002E3101 /* HotCell.m in Sources */,
				4BFDC33A15FCD7CD002E3101 /* AFHTTPClient.m in Sources */,
				4BFDC33B15FCD7CD002E3101 /* AFHTTPRequestOperation.m in Sources */,
				4BFDC33C15FCD7CD002E3101 /* AFImageRequestOperation.m in Sources */,
				4BFDC33D15FCD7CD002E3101 /* AFJSONRequestOperation.m in Sources */,
				4BFDC33E15FCD7CD002E3101 /* AFJSONUtilities.m in Sources */,
				4BFDC33F15FCD7CD002E3101 /* AFNetworkActivityIndicatorManager.m in Sources */,
				4BFDC34015FCD7CD002E3101 /* AFPropertyListRequestOperation.m in Sources */,
				4BFDC34115FCD7CD002E3101 /* AFURLConnectionOperation.m in Sources */,
				4BFDC34215FCD7CD002E3101 /* AFXMLRequestOperation.m in Sources */,
				4BFDC34315FCD7CD002E3101 /* UIImageView+AFNetworking.m in Sources */,
				4B800C2A15FF6A27007EA85C /* TouchableImageView.m in Sources */,
				4BCB570B160220500082D965 /* DDXMLElementAdditions.m in Sources */,
				4BCB570C160220500082D965 /* NSString+DDXML.m in Sources */,
				4BCB570D160220500082D965 /* DDXMLDocument.m in Sources */,
				4BCB570E160220500082D965 /* DDXMLElement.m in Sources */,
				4BCB570F160220500082D965 /* DDXMLNode.m in Sources */,
				4BF917CC160425A000FFA523 /* NewsCell.m in Sources */,
				4B7620671608A479004DAF89 /* WebViewController.m in Sources */,
				4B39A09C160DC39C00C922B2 /* SVPullToRefresh.m in Sources */,
				4B07D2E91610A64900753B9A /* FashionNews.m in Sources */,
				4BE1B82616135BA0006AE5D9 /* NewsWebViewController.m in Sources */,
				4BACE06E1615E4AB006B3E00 /* UIWebView+Clean.m in Sources */,
			);
			runOnlyForDeploymentPostprocessing = 0;
		};
/* End PBXSourcesBuildPhase section */

/* Begin PBXVariantGroup section */
		4BDB315D15BA56DE007B1C6F /* InfoPlist.strings */ = {
			isa = PBXVariantGroup;
			children = (
				4BDB315E15BA56DE007B1C6F /* en */,
			);
			name = InfoPlist.strings;
			sourceTree = "<group>";
		};
/* End PBXVariantGroup section */

/* Begin XCBuildConfiguration section */
		4BDB316C15BA56DE007B1C6F /* Debug */ = {
			isa = XCBuildConfiguration;
			buildSettings = {
				ALWAYS_SEARCH_USER_PATHS = YES;
				ARCHS = "$(ARCHS_STANDARD_32_BIT)";
				CLANG_ENABLE_OBJC_ARC = NO;
				"CODE_SIGN_IDENTITY[sdk=iphoneos*]" = "iPhone Developer: Eric Liu (96546SPDMV)";
				COPY_PHASE_STRIP = NO;
				FRAMEWORK_SEARCH_PATHS = "";
				GCC_C_LANGUAGE_STANDARD = gnu99;
				GCC_DYNAMIC_NO_PIC = NO;
				GCC_OPTIMIZATION_LEVEL = 0;
				GCC_PREPROCESSOR_DEFINITIONS = (
					"DEBUG=1",
					"$(inherited)",
				);
				GCC_SYMBOLS_PRIVATE_EXTERN = NO;
				GCC_VERSION = com.apple.compilers.llvm.clang.1_0;
				GCC_WARN_ABOUT_MISSING_PROTOTYPES = YES;
				GCC_WARN_ABOUT_RETURN_TYPE = YES;
				GCC_WARN_UNUSED_VARIABLE = YES;
				HEADER_SEARCH_PATHS = "${SDK_DIR}/usr/include/libxml2";
				"HEADER_SEARCH_PATHS[arch=*]" = "${SDK_DIR}/usr/include/libxml2";
				IPHONEOS_DEPLOYMENT_TARGET = 5.0;
				OTHER_LDFLAGS = "-lxml2";
				"OTHER_LDFLAGS[arch=*]" = "";
				"PROVISIONING_PROFILE[sdk=iphoneos*]" = "16AD8F7D-F461-440A-A62B-CA4049562A0C";
				SDKROOT = iphoneos;
			};
			name = Debug;
		};
		4BDB316D15BA56DE007B1C6F /* Release */ = {
			isa = XCBuildConfiguration;
			buildSettings = {
				ALWAYS_SEARCH_USER_PATHS = YES;
				ARCHS = "$(ARCHS_STANDARD_32_BIT)";
				CLANG_ENABLE_OBJC_ARC = NO;
				"CODE_SIGN_IDENTITY[sdk=iphoneos*]" = "iPhone Developer: Eric Liu (96546SPDMV)";
				COPY_PHASE_STRIP = YES;
				FRAMEWORK_SEARCH_PATHS = "";
				GCC_C_LANGUAGE_STANDARD = gnu99;
				GCC_VERSION = com.apple.compilers.llvm.clang.1_0;
				GCC_WARN_ABOUT_MISSING_PROTOTYPES = YES;
				GCC_WARN_ABOUT_RETURN_TYPE = YES;
				GCC_WARN_UNUSED_VARIABLE = YES;
				HEADER_SEARCH_PATHS = "${SDK_DIR}/usr/include/libxml2";
				IPHONEOS_DEPLOYMENT_TARGET = 5.0;
				OTHER_CFLAGS = "-DNS_BLOCK_ASSERTIONS=1";
				OTHER_LDFLAGS = "-lxml2";
				"PROVISIONING_PROFILE[sdk=iphoneos*]" = "16AD8F7D-F461-440A-A62B-CA4049562A0C";
				SDKROOT = iphoneos;
				VALIDATE_PRODUCT = YES;
			};
			name = Release;
		};
		4BDB316F15BA56DE007B1C6F /* Debug */ = {
			isa = XCBuildConfiguration;
			buildSettings = {
				FRAMEWORK_SEARCH_PATHS = (
					"$(inherited)",
					"\"$(SRCROOT)\"",
				);
				GCC_PRECOMPILE_PREFIX_HEADER = YES;
				GCC_PREFIX_HEADER = "MuyingYongpin/MuyingYongpin-Prefix.pch";
				HEADER_SEARCH_PATHS = "${SDK_DIR}/usr/include/libxml2";
				"HEADER_SEARCH_PATHS[arch=*]" = "${SDK_DIR}/usr/include/libxml2";
				INFOPLIST_FILE = "MuyingYongpin/MuyingYongpin-Info.plist";
				LIBRARY_SEARCH_PATHS = (
					"$(inherited)",
					"\"$(SRCROOT)\"",
				);
				OTHER_LDFLAGS = "-ObjC";
				"OTHER_LDFLAGS[arch=*]" = "";
				PRODUCT_NAME = "$(TARGET_NAME)";
				WRAPPER_EXTENSION = app;
			};
			name = Debug;
		};
		4BDB317015BA56DE007B1C6F /* Release */ = {
			isa = XCBuildConfiguration;
			buildSettings = {
				FRAMEWORK_SEARCH_PATHS = (
					"$(inherited)",
					"\"$(SRCROOT)\"",
				);
				GCC_PRECOMPILE_PREFIX_HEADER = YES;
				GCC_PREFIX_HEADER = "MuyingYongpin/MuyingYongpin-Prefix.pch";
				HEADER_SEARCH_PATHS = "${SDK_DIR}/usr/include/libxml2";
				INFOPLIST_FILE = "MuyingYongpin/MuyingYongpin-Info.plist";
				LIBRARY_SEARCH_PATHS = (
					"$(inherited)",
					"\"$(SRCROOT)\"",
				);
				OTHER_LDFLAGS = "-ObjC";
				PRODUCT_NAME = "$(TARGET_NAME)";
				WRAPPER_EXTENSION = app;
			};
			name = Release;
		};
/* End XCBuildConfiguration section */

/* Begin XCConfigurationList section */
		4BDB314A15BA56DE007B1C6F /* Build configuration list for PBXProject "MuyingYongpin" */ = {
			isa = XCConfigurationList;
			buildConfigurations = (
				4BDB316C15BA56DE007B1C6F /* Debug */,
				4BDB316D15BA56DE007B1C6F /* Release */,
			);
			defaultConfigurationIsVisible = 0;
			defaultConfigurationName = Release;
		};
		4BDB316E15BA56DE007B1C6F /* Build configuration list for PBXNativeTarget "MuyingYongpin" */ = {
			isa = XCConfigurationList;
			buildConfigurations = (
				4BDB316F15BA56DE007B1C6F /* Debug */,
				4BDB317015BA56DE007B1C6F /* Release */,
			);
			defaultConfigurationIsVisible = 0;
			defaultConfigurationName = Release;
		};
/* End XCConfigurationList section */
	};
	rootObject = 4BDB314715BA56DE007B1C6F /* Project object */;
}
